// !$*UTF8*$!
{
	archiveVersion = 1;
	classes = {
	};
	objectVersion = 46;
	objects = {

/* Begin PBXBuildFile section */
		C81D4FDB196D48A600099DAC /* BaseMapViewController.m in Sources */ = {isa = PBXBuildFile; fileRef = C81D4FD8196D48A600099DAC /* BaseMapViewController.m */; };
		C81D4FDC196D48A600099DAC /* ClickOverlayViewController.m in Sources */ = {isa = PBXBuildFile; fileRef = C81D4FDA196D48A600099DAC /* ClickOverlayViewController.m */; };
		C81D4FE1196D48BA00099DAC /* SelectableOverlay.m in Sources */ = {isa = PBXBuildFile; fileRef = C81D4FDE196D48BA00099DAC /* SelectableOverlay.m */; };
		C81D4FE2196D48BA00099DAC /* Utility.m in Sources */ = {isa = PBXBuildFile; fileRef = C81D4FE0196D48BA00099DAC /* Utility.m */; };
		C8471078196B968500ED0DD7 /* Foundation.framework in Frameworks */ = {isa = PBXBuildFile; fileRef = C8471077196B968500ED0DD7 /* Foundation.framework */; };
		C847107A196B968500ED0DD7 /* CoreGraphics.framework in Frameworks */ = {isa = PBXBuildFile; fileRef = C8471079196B968500ED0DD7 /* CoreGraphics.framework */; };
		C847107C196B968500ED0DD7 /* UIKit.framework in Frameworks */ = {isa = PBXBuildFile; fileRef = C847107B196B968500ED0DD7 /* UIKit.framework */; };
		C84710F0196B978800ED0DD7 /* CoreLocation.framework in Frameworks */ = {isa = PBXBuildFile; fileRef = C84710EF196B978800ED0DD7 /* CoreLocation.framework */; };
		C84710F2196B979A00ED0DD7 /* CoreTelephony.framework in Frameworks */ = {isa = PBXBuildFile; fileRef = C84710F1196B979A00ED0DD7 /* CoreTelephony.framework */; };
		C84710F4196B97E700ED0DD7 /* SystemConfiguration.framework in Frameworks */ = {isa = PBXBuildFile; fileRef = C84710F3196B97E700ED0DD7 /* SystemConfiguration.framework */; };
		C84710F6196B980600ED0DD7 /* libstdc++.6.0.9.dylib in Frameworks */ = {isa = PBXBuildFile; fileRef = C84710F5196B980600ED0DD7 /* libstdc++.6.0.9.dylib */; };
		C84710F8196B985A00ED0DD7 /* libz.1.2.5.dylib in Frameworks */ = {isa = PBXBuildFile; fileRef = C84710F7196B985A00ED0DD7 /* libz.1.2.5.dylib */; };
		C847117D196BF38900ED0DD7 /* Images.xcassets in Resources */ = {isa = PBXBuildFile; fileRef = C8471172196BF38900ED0DD7 /* Images.xcassets */; };
		C8471180196BF38900ED0DD7 /* AppDelegate.m in Sources */ = {isa = PBXBuildFile; fileRef = C8471178196BF38900ED0DD7 /* AppDelegate.m */; };
		C8471181196BF38900ED0DD7 /* main.m in Sources */ = {isa = PBXBuildFile; fileRef = C8471179196BF38900ED0DD7 /* main.m */; };
		C8471185196BF3C400ED0DD7 /* iOS_3D_ClickOverlay-Info.plist in Resources */ = {isa = PBXBuildFile; fileRef = C8471183196BF3C400ED0DD7 /* iOS_3D_ClickOverlay-Info.plist */; };
		C8471188196BF42200ED0DD7 /* InfoPlist.strings in Resources */ = {isa = PBXBuildFile; fileRef = C8471186196BF42200ED0DD7 /* InfoPlist.strings */; };
		C847118A196BF44100ED0DD7 /* MAMapKit.framework in Frameworks */ = {isa = PBXBuildFile; fileRef = C8471189196BF44100ED0DD7 /* MAMapKit.framework */; };
		C847118C196BF47300ED0DD7 /* AMap.bundle in Resources */ = {isa = PBXBuildFile; fileRef = C847118B196BF47300ED0DD7 /* AMap.bundle */; };
		C847118F196BF5F600ED0DD7 /* Main.storyboard in Resources */ = {isa = PBXBuildFile; fileRef = C847118D196BF5F600ED0DD7 /* Main.storyboard */; };
		C8F1DB25196D10CC007BC6EC /* icon-40@2x.png in Resources */ = {isa = PBXBuildFile; fileRef = C8F1DB22196D10CC007BC6EC /* icon-40@2x.png */; };
		C8F1DB26196D10CC007BC6EC /* icon-29@2x.png in Resources */ = {isa = PBXBuildFile; fileRef = C8F1DB23196D10CC007BC6EC /* icon-29@2x.png */; };
		C8F1DB27196D10CC007BC6EC /* icon-60@2x.png in Resources */ = {isa = PBXBuildFile; fileRef = C8F1DB24196D10CC007BC6EC /* icon-60@2x.png */; };
/* End PBXBuildFile section */

/* Begin PBXFileReference section */
		C81D4FD7196D48A600099DAC /* BaseMapViewController.h */ = {isa = PBXFileReference; fileEncoding = 4; lastKnownFileType = sourcecode.c.h; name = BaseMapViewController.h; path = Demo/BaseMapViewController.h; sourceTree = "<group>"; };
		C81D4FD8196D48A600099DAC /* BaseMapViewController.m */ = {isa = PBXFileReference; fileEncoding = 4; lastKnownFileType = sourcecode.c.objc; name = BaseMapViewController.m; path = Demo/BaseMapViewController.m; sourceTree = "<group>"; };
		C81D4FD9196D48A600099DAC /* ClickOverlayViewController.h */ = {isa = PBXFileReference; fileEncoding = 4; lastKnownFileType = sourcecode.c.h; name = ClickOverlayViewController.h; path = Demo/ClickOverlayViewController.h; sourceTree = "<group>"; };
		C81D4FDA196D48A600099DAC /* ClickOverlayViewController.m */ = {isa = PBXFileReference; fileEncoding = 4; lastKnownFileType = sourcecode.c.objc; name = ClickOverlayViewController.m; path = Demo/ClickOverlayViewController.m; sourceTree = "<group>"; };
		C81D4FDD196D48BA00099DAC /* SelectableOverlay.h */ = {isa = PBXFileReference; fileEncoding = 4; lastKnownFileType = sourcecode.c.h; name = SelectableOverlay.h; path = ClickOverlay/SelectableOverlay.h; sourceTree = "<group>"; };
		C81D4FDE196D48BA00099DAC /* SelectableOverlay.m */ = {isa = PBXFileReference; fileEncoding = 4; lastKnownFileType = sourcecode.c.objc; name = SelectableOverlay.m; path = ClickOverlay/SelectableOverlay.m; sourceTree = "<group>"; };
		C81D4FDF196D48BA00099DAC /* Utility.h */ = {isa = PBXFileReference; fileEncoding = 4; lastKnownFileType = sourcecode.c.h; name = Utility.h; path = ClickOverlay/Utility.h; sourceTree = "<group>"; };
		C81D4FE0196D48BA00099DAC /* Utility.m */ = {isa = PBXFileReference; fileEncoding = 4; lastKnownFileType = sourcecode.c.objc; name = Utility.m; path = ClickOverlay/Utility.m; sourceTree = "<group>"; };
		C8471074196B968500ED0DD7 /* iOS_3D_ClickOverlay.app */ = {isa = PBXFileReference; explicitFileType = wrapper.application; includeInIndex = 0; name = iOS_3D_ClickOverlay.app; path = ClickOverlayDemo.app; sourceTree = BUILT_PRODUCTS_DIR; };
		C8471077196B968500ED0DD7 /* Foundation.framework */ = {isa = PBXFileReference; lastKnownFileType = wrapper.framework; name = Foundation.framework; path = System/Library/Frameworks/Foundation.framework; sourceTree = SDKROOT; };
		C8471079196B968500ED0DD7 /* CoreGraphics.framework */ = {isa = PBXFileReference; lastKnownFileType = wrapper.framework; name = CoreGraphics.framework; path = System/Library/Frameworks/CoreGraphics.framework; sourceTree = SDKROOT; };
		C847107B196B968500ED0DD7 /* UIKit.framework */ = {isa = PBXFileReference; lastKnownFileType = wrapper.framework; name = UIKit.framework; path = System/Library/Frameworks/UIKit.framework; sourceTree = SDKROOT; };
		C8471096196B968600ED0DD7 /* XCTest.framework */ = {isa = PBXFileReference; lastKnownFileType = wrapper.framework; name = XCTest.framework; path = Library/Frameworks/XCTest.framework; sourceTree = DEVELOPER_DIR; };
		C84710EF196B978800ED0DD7 /* CoreLocation.framework */ = {isa = PBXFileReference; lastKnownFileType = wrapper.framework; name = CoreLocation.framework; path = System/Library/Frameworks/CoreLocation.framework; sourceTree = SDKROOT; };
		C84710F1196B979A00ED0DD7 /* CoreTelephony.framework */ = {isa = PBXFileReference; lastKnownFileType = wrapper.framework; name = CoreTelephony.framework; path = System/Library/Frameworks/CoreTelephony.framework; sourceTree = SDKROOT; };
		C84710F3196B97E700ED0DD7 /* SystemConfiguration.framework */ = {isa = PBXFileReference; lastKnownFileType = wrapper.framework; name = SystemConfiguration.framework; path = System/Library/Frameworks/SystemConfiguration.framework; sourceTree = SDKROOT; };
		C84710F5196B980600ED0DD7 /* libstdc++.6.0.9.dylib */ = {isa = PBXFileReference; lastKnownFileType = "compiled.mach-o.dylib"; name = "libstdc++.6.0.9.dylib"; path = "usr/lib/libstdc++.6.0.9.dylib"; sourceTree = SDKROOT; };
		C84710F7196B985A00ED0DD7 /* libz.1.2.5.dylib */ = {isa = PBXFileReference; lastKnownFileType = "compiled.mach-o.dylib"; name = libz.1.2.5.dylib; path = usr/lib/libz.1.2.5.dylib; sourceTree = SDKROOT; };
		C847116F196BF38900ED0DD7 /* APIKey.h */ = {isa = PBXFileReference; fileEncoding = 4; lastKnownFileType = sourcecode.c.h; path = APIKey.h; sourceTree = "<group>"; };
		C8471172196BF38900ED0DD7 /* Images.xcassets */ = {isa = PBXFileReference; lastKnownFileType = folder.assetcatalog; name = Images.xcassets; path = iOS_3D_ClickOverlay/Images.xcassets; sourceTree = SOURCE_ROOT; };
		C8471177196BF38900ED0DD7 /* AppDelegate.h */ = {isa = PBXFileReference; fileEncoding = 4; lastKnownFileType = sourcecode.c.h; name = AppDelegate.h; path = iOS_3D_ClickOverlay/AppDelegate.h; sourceTree = SOURCE_ROOT; };
		C8471178196BF38900ED0DD7 /* AppDelegate.m */ = {isa = PBXFileReference; fileEncoding = 4; lastKnownFileType = sourcecode.c.objc; name = AppDelegate.m; path = iOS_3D_ClickOverlay/AppDelegate.m; sourceTree = SOURCE_ROOT; };
		C8471179196BF38900ED0DD7 /* main.m */ = {isa = PBXFileReference; fileEncoding = 4; lastKnownFileType = sourcecode.c.objc; name = main.m; path = iOS_3D_ClickOverlay/main.m; sourceTree = SOURCE_ROOT; };
		C8471183196BF3C400ED0DD7 /* iOS_3D_ClickOverlay-Info.plist */ = {isa = PBXFileReference; fileEncoding = 4; lastKnownFileType = text.plist.xml; name = "iOS_3D_ClickOverlay-Info.plist"; path = "iOS_3D_ClickOverlay/iOS_3D_ClickOverlay-Info.plist"; sourceTree = SOURCE_ROOT; };
		C8471184196BF3C400ED0DD7 /* iOS_3D_ClickOverlay-Prefix.pch */ = {isa = PBXFileReference; fileEncoding = 4; lastKnownFileType = sourcecode.c.h; name = "iOS_3D_ClickOverlay-Prefix.pch"; path = "iOS_3D_ClickOverlay/iOS_3D_ClickOverlay-Prefix.pch"; sourceTree = SOURCE_ROOT; };
		C8471187196BF42200ED0DD7 /* en */ = {isa = PBXFileReference; lastKnownFileType = text.plist.strings; name = en; path = iOS_3D_ClickOverlay/en.lproj/InfoPlist.strings; sourceTree = SOURCE_ROOT; };
		C8471189196BF44100ED0DD7 /* MAMapKit.framework */ = {isa = PBXFileReference; lastKnownFileType = wrapper.framework; name = MAMapKit.framework; path = iOS_3D_ClickOverlay/extern/MAMapKit.framework; sourceTree = "<group>"; };
		C847118B196BF47300ED0DD7 /* AMap.bundle */ = {isa = PBXFileReference; lastKnownFileType = "wrapper.plug-in"; name = AMap.bundle; path = iOS_3D_ClickOverlay/extern/MAMapKit.framework/Versions/2.2.1.1650.60159/Resources/AMap.bundle; sourceTree = "<group>"; };
		C847118E196BF5F600ED0DD7 /* Base */ = {isa = PBXFileReference; lastKnownFileType = file.storyboard; name = Base; path = Base.lproj/Main.storyboard; sourceTree = "<group>"; };
		C8F1DB22196D10CC007BC6EC /* icon-40@2x.png */ = {isa = PBXFileReference; lastKnownFileType = image.png; name = "icon-40@2x.png"; path = "Resources/icon-40@2x.png"; sourceTree = "<group>"; };
		C8F1DB23196D10CC007BC6EC /* icon-29@2x.png */ = {isa = PBXFileReference; lastKnownFileType = image.png; name = "icon-29@2x.png"; path = "Resources/icon-29@2x.png"; sourceTree = "<group>"; };
		C8F1DB24196D10CC007BC6EC /* icon-60@2x.png */ = {isa = PBXFileReference; lastKnownFileType = image.png; name = "icon-60@2x.png"; path = "Resources/icon-60@2x.png"; sourceTree = "<group>"; };
/* End PBXFileReference section */

/* Begin PBXFrameworksBuildPhase section */
		C8471071196B968500ED0DD7 /* Frameworks */ = {
			isa = PBXFrameworksBuildPhase;
			buildActionMask = 2147483647;
			files = (
				C847118A196BF44100ED0DD7 /* MAMapKit.framework in Frameworks */,
				C84710F8196B985A00ED0DD7 /* libz.1.2.5.dylib in Frameworks */,
				C84710F6196B980600ED0DD7 /* libstdc++.6.0.9.dylib in Frameworks */,
				C84710F4196B97E700ED0DD7 /* SystemConfiguration.framework in Frameworks */,
				C84710F2196B979A00ED0DD7 /* CoreTelephony.framework in Frameworks */,
				C84710F0196B978800ED0DD7 /* CoreLocation.framework in Frameworks */,
				C847107A196B968500ED0DD7 /* CoreGraphics.framework in Frameworks */,
				C847107C196B968500ED0DD7 /* UIKit.framework in Frameworks */,
				C8471078196B968500ED0DD7 /* Foundation.framework in Frameworks */,
			);
			runOnlyForDeploymentPostprocessing = 0;
		};
/* End PBXFrameworksBuildPhase section */

/* Begin PBXGroup section */
		C81D4FD5196D37E400099DAC /* Demo */ = {
			isa = PBXGroup;
			children = (
				C81D4FD7196D48A600099DAC /* BaseMapViewController.h */,
				C81D4FD8196D48A600099DAC /* BaseMapViewController.m */,
				C81D4FD9196D48A600099DAC /* ClickOverlayViewController.h */,
				C81D4FDA196D48A600099DAC /* ClickOverlayViewController.m */,
				C847116E196BF38900ED0DD7 /* Configuration */,
			);
			name = Demo;
			sourceTree = "<group>";
		};
		C81D4FD6196D37F600099DAC /* ClickOverlay */ = {
			isa = PBXGroup;
			children = (
				C81D4FDD196D48BA00099DAC /* SelectableOverlay.h */,
				C81D4FDE196D48BA00099DAC /* SelectableOverlay.m */,
				C81D4FDF196D48BA00099DAC /* Utility.h */,
				C81D4FE0196D48BA00099DAC /* Utility.m */,
			);
			name = ClickOverlay;
			sourceTree = "<group>";
		};
		C847106B196B968500ED0DD7 = {
			isa = PBXGroup;
			children = (
				C847118B196BF47300ED0DD7 /* AMap.bundle */,
				C847107D196B968500ED0DD7 /* iOS_3D_ClickOverlay */,
				C8471076196B968500ED0DD7 /* Frameworks */,
				C8471075196B968500ED0DD7 /* Products */,
			);
			sourceTree = "<group>";
		};
		C8471075196B968500ED0DD7 /* Products */ = {
			isa = PBXGroup;
			children = (
				C8471074196B968500ED0DD7 /* iOS_3D_ClickOverlay.app */,
			);
			name = Products;
			sourceTree = "<group>";
		};
		C8471076196B968500ED0DD7 /* Frameworks */ = {
			isa = PBXGroup;
			children = (
				C8471189196BF44100ED0DD7 /* MAMapKit.framework */,
				C84710F7196B985A00ED0DD7 /* libz.1.2.5.dylib */,
				C84710F5196B980600ED0DD7 /* libstdc++.6.0.9.dylib */,
				C84710F3196B97E700ED0DD7 /* SystemConfiguration.framework */,
				C84710F1196B979A00ED0DD7 /* CoreTelephony.framework */,
				C84710EF196B978800ED0DD7 /* CoreLocation.framework */,
				C8471077196B968500ED0DD7 /* Foundation.framework */,
				C8471079196B968500ED0DD7 /* CoreGraphics.framework */,
				C847107B196B968500ED0DD7 /* UIKit.framework */,
				C8471096196B968600ED0DD7 /* XCTest.framework */,
			);
			name = Frameworks;
			sourceTree = "<group>";
		};
		C847107D196B968500ED0DD7 /* iOS_3D_ClickOverlay */ = {
			isa = PBXGroup;
			children = (
				C8471177196BF38900ED0DD7 /* AppDelegate.h */,
				C8471178196BF38900ED0DD7 /* AppDelegate.m */,
				C847118D196BF5F600ED0DD7 /* Main.storyboard */,
				C81D4FD6196D37F600099DAC /* ClickOverlay */,
				C81D4FD5196D37E400099DAC /* Demo */,
				C8471172196BF38900ED0DD7 /* Images.xcassets */,
				C847107E196B968500ED0DD7 /* Supporting Files */,
			);
			path = iOS_3D_ClickOverlay;
			sourceTree = "<group>";
		};
		C847107E196B968500ED0DD7 /* Supporting Files */ = {
			isa = PBXGroup;
			children = (
				C8F1DB22196D10CC007BC6EC /* icon-40@2x.png */,
				C8F1DB23196D10CC007BC6EC /* icon-29@2x.png */,
				C8F1DB24196D10CC007BC6EC /* icon-60@2x.png */,
				C8471186196BF42200ED0DD7 /* InfoPlist.strings */,
				C8471183196BF3C400ED0DD7 /* iOS_3D_ClickOverlay-Info.plist */,
				C8471184196BF3C400ED0DD7 /* iOS_3D_ClickOverlay-Prefix.pch */,
				C8471179196BF38900ED0DD7 /* main.m */,
			);
			name = "Supporting Files";
			sourceTree = "<group>";
		};
		C847116E196BF38900ED0DD7 /* Configuration */ = {
			isa = PBXGroup;
			children = (
				C847116F196BF38900ED0DD7 /* APIKey.h */,
			);
			name = Configuration;
			path = iOS_3D_ClickOverlay/Configuration;
			sourceTree = SOURCE_ROOT;
		};
/* End PBXGroup section */

/* Begin PBXNativeTarget section */
		C8471073196B968500ED0DD7 /* ClickOverlayDemo */ = {
			isa = PBXNativeTarget;
			buildConfigurationList = C84710A6196B968600ED0DD7 /* Build configuration list for PBXNativeTarget "ClickOverlayDemo" */;
			buildPhases = (
				C8471070196B968500ED0DD7 /* Sources */,
				C8471071196B968500ED0DD7 /* Frameworks */,
				C8471072196B968500ED0DD7 /* Resources */,
			);
			buildRules = (
			);
			dependencies = (
			);
			name = ClickOverlayDemo;
			productName = iOS_3D_ClickOverlay;
			productReference = C8471074196B968500ED0DD7 /* iOS_3D_ClickOverlay.app */;
			productType = "com.apple.product-type.application";
		};
/* End PBXNativeTarget section */

/* Begin PBXProject section */
		C847106C196B968500ED0DD7 /* Project object */ = {
			isa = PBXProject;
			attributes = {
				LastUpgradeCheck = 0510;
				ORGANIZATIONNAME = "yi chen";
			};
			buildConfigurationList = C847106F196B968500ED0DD7 /* Build configuration list for PBXProject "iOS_3D_ClickOverlay" */;
			compatibilityVersion = "Xcode 3.2";
			developmentRegion = English;
			hasScannedForEncodings = 0;
			knownRegions = (
				en,
				Base,
			);
			mainGroup = C847106B196B968500ED0DD7;
			productRefGroup = C8471075196B968500ED0DD7 /* Products */;
			projectDirPath = "";
			projectRoot = "";
			targets = (
				C8471073196B968500ED0DD7 /* ClickOverlayDemo */,
			);
		};
/* End PBXProject section */

/* Begin PBXResourcesBuildPhase section */
		C8471072196B968500ED0DD7 /* Resources */ = {
			isa = PBXResourcesBuildPhase;
			buildActionMask = 2147483647;
			files = (
				C847118C196BF47300ED0DD7 /* AMap.bundle in Resources */,
				C8F1DB26196D10CC007BC6EC /* icon-29@2x.png in Resources */,
				C847118F196BF5F600ED0DD7 /* Main.storyboard in Resources */,
				C8471188196BF42200ED0DD7 /* InfoPlist.strings in Resources */,
				C8471185196BF3C400ED0DD7 /* iOS_3D_ClickOverlay-Info.plist in Resources */,
				C847117D196BF38900ED0DD7 /* Images.xcassets in Resources */,
				C8F1DB25196D10CC007BC6EC /* icon-40@2x.png in Resources */,
				C8F1DB27196D10CC007BC6EC /* icon-60@2x.png in Resources */,
			);
			runOnlyForDeploymentPostprocessing = 0;
		};
/* End PBXResourcesBuildPhase section */

/* Begin PBXSourcesBuildPhase section */
		C8471070196B968500ED0DD7 /* Sources */ = {
			isa = PBXSourcesBuildPhase;
			buildActionMask = 2147483647;
			files = (
				C81D4FDB196D48A600099DAC /* BaseMapViewController.m in Sources */,
				C81D4FE1196D48BA00099DAC /* SelectableOverlay.m in Sources */,
				C8471180196BF38900ED0DD7 /* AppDelegate.m in Sources */,
				C8471181196BF38900ED0DD7 /* main.m in Sources */,
				C81D4FE2196D48BA00099DAC /* Utility.m in Sources */,
				C81D4FDC196D48A600099DAC /* ClickOverlayViewController.m in Sources */,
			);
			runOnlyForDeploymentPostprocessing = 0;
		};
/* End PBXSourcesBuildPhase section */

/* Begin PBXVariantGroup section */
		C8471186196BF42200ED0DD7 /* InfoPlist.strings */ = {
			isa = PBXVariantGroup;
			children = (
				C8471187196BF42200ED0DD7 /* en */,
			);
			name = InfoPlist.strings;
			sourceTree = "<group>";
		};
		C847118D196BF5F600ED0DD7 /* Main.storyboard */ = {
			isa = PBXVariantGroup;
			children = (
				C847118E196BF5F600ED0DD7 /* Base */,
			);
			name = Main.storyboard;
			sourceTree = "<group>";
		};
/* End PBXVariantGroup section */

/* Begin XCBuildConfiguration section */
		C84710A4196B968600ED0DD7 /* Debug */ = {
			isa = XCBuildConfiguration;
			buildSettings = {
				ALWAYS_SEARCH_USER_PATHS = NO;
				CLANG_CXX_LANGUAGE_STANDARD = "gnu++0x";
				CLANG_CXX_LIBRARY = "libc++";
				CLANG_ENABLE_MODULES = YES;
				CLANG_ENABLE_OBJC_ARC = YES;
				CLANG_WARN_BOOL_CONVERSION = YES;
				CLANG_WARN_CONSTANT_CONVERSION = YES;
				CLANG_WARN_DIRECT_OBJC_ISA_USAGE = YES_ERROR;
				CLANG_WARN_EMPTY_BODY = YES;
				CLANG_WARN_ENUM_CONVERSION = YES;
				CLANG_WARN_INT_CONVERSION = YES;
				CLANG_WARN_OBJC_ROOT_CLASS = YES_ERROR;
				CLANG_WARN__DUPLICATE_METHOD_MATCH = YES;
				"CODE_SIGN_IDENTITY[sdk=iphoneos*]" = "iPhone Developer";
				COPY_PHASE_STRIP = NO;
				GCC_C_LANGUAGE_STANDARD = gnu99;
				GCC_DYNAMIC_NO_PIC = NO;
				GCC_OPTIMIZATION_LEVEL = 0;
				GCC_PREPROCESSOR_DEFINITIONS = (
					"DEBUG=1",
					"$(inherited)",
				);
				GCC_SYMBOLS_PRIVATE_EXTERN = NO;
				GCC_WARN_64_TO_32_BIT_CONVERSION = YES;
				GCC_WARN_ABOUT_RETURN_TYPE = YES_ERROR;
				GCC_WARN_UNDECLARED_SELECTOR = YES;
				GCC_WARN_UNINITIALIZED_AUTOS = YES_AGGRESSIVE;
				GCC_WARN_UNUSED_FUNCTION = YES;
				GCC_WARN_UNUSED_VARIABLE = YES;
				IPHONEOS_DEPLOYMENT_TARGET = 7.1;
				ONLY_ACTIVE_ARCH = YES;
				SDKROOT = iphoneos;
			};
			name = Debug;
		};
		C84710A5196B968600ED0DD7 /* Release */ = {
			isa = XCBuildConfiguration;
			buildSettings = {
				ALWAYS_SEARCH_USER_PATHS = NO;
				CLANG_CXX_LANGUAGE_STANDARD = "gnu++0x";
				CLANG_CXX_LIBRARY = "libc++";
				CLANG_ENABLE_MODULES = YES;
				CLANG_ENABLE_OBJC_ARC = YES;
				CLANG_WARN_BOOL_CONVERSION = YES;
				CLANG_WARN_CONSTANT_CONVERSION = YES;
				CLANG_WARN_DIRECT_OBJC_ISA_USAGE = YES_ERROR;
				CLANG_WARN_EMPTY_BODY = YES;
				CLANG_WARN_ENUM_CONVERSION = YES;
				CLANG_WARN_INT_CONVERSION = YES;
				CLANG_WARN_OBJC_ROOT_CLASS = YES_ERROR;
				CLANG_WARN__DUPLICATE_METHOD_MATCH = YES;
				"CODE_SIGN_IDENTITY[sdk=iphoneos*]" = "iPhone Developer";
				COPY_PHASE_STRIP = YES;
				ENABLE_NS_ASSERTIONS = NO;
				GCC_C_LANGUAGE_STANDARD = gnu99;
				GCC_WARN_64_TO_32_BIT_CONVERSION = YES;
				GCC_WARN_ABOUT_RETURN_TYPE = YES_ERROR;
				GCC_WARN_UNDECLARED_SELECTOR = YES;
				GCC_WARN_UNINITIALIZED_AUTOS = YES_AGGRESSIVE;
				GCC_WARN_UNUSED_FUNCTION = YES;
				GCC_WARN_UNUSED_VARIABLE = YES;
				IPHONEOS_DEPLOYMENT_TARGET = 7.1;
				SDKROOT = iphoneos;
				VALIDATE_PRODUCT = YES;
			};
			name = Release;
		};
		C84710A7196B968600ED0DD7 /* Debug */ = {
			isa = XCBuildConfiguration;
			buildSettings = {
				ASSETCATALOG_COMPILER_APPICON_NAME = AppIcon;
				ASSETCATALOG_COMPILER_LAUNCHIMAGE_NAME = LaunchImage;
				FRAMEWORK_SEARCH_PATHS = (
					"$(inherited)",
					"$(PROJECT_DIR)/iOS_3D_ClickOverlay/extern",
				);
				GCC_PRECOMPILE_PREFIX_HEADER = YES;
				GCC_PREFIX_HEADER = "iOS_3D_ClickOverlay/iOS_3D_ClickOverlay-Prefix.pch";
				INFOPLIST_FILE = "iOS_3D_ClickOverlay/iOS_3D_ClickOverlay-Info.plist";
				PRODUCT_NAME = "$(TARGET_NAME)";
				WRAPPER_EXTENSION = app;
			};
			name = Debug;
		};
		C84710A8196B968600ED0DD7 /* Release */ = {
			isa = XCBuildConfiguration;
			buildSettings = {
				ASSETCATALOG_COMPILER_APPICON_NAME = AppIcon;
				ASSETCATALOG_COMPILER_LAUNCHIMAGE_NAME = LaunchImage;
				FRAMEWORK_SEARCH_PATHS = (
					"$(inherited)",
					"$(PROJECT_DIR)/iOS_3D_ClickOverlay/extern",
				);
				GCC_PRECOMPILE_PREFIX_HEADER = YES;
				GCC_PREFIX_HEADER = "iOS_3D_ClickOverlay/iOS_3D_ClickOverlay-Prefix.pch";
				INFOPLIST_FILE = "iOS_3D_ClickOverlay/iOS_3D_ClickOverlay-Info.plist";
				PRODUCT_NAME = "$(TARGET_NAME)";
				WRAPPER_EXTENSION = app;
			};
			name = Release;
		};
/* End XCBuildConfiguration section */

/* Begin XCConfigurationList section */
		C847106F196B968500ED0DD7 /* Build configuration list for PBXProject "iOS_3D_ClickOverlay" */ = {
			isa = XCConfigurationList;
			buildConfigurations = (
				C84710A4196B968600ED0DD7 /* Debug */,
				C84710A5196B968600ED0DD7 /* Release */,
			);
			defaultConfigurationIsVisible = 0;
			defaultConfigurationName = Release;
		};
		C84710A6196B968600ED0DD7 /* Build configuration list for PBXNativeTarget "ClickOverlayDemo" */ = {
			isa = XCConfigurationList;
			buildConfigurations = (
				C84710A7196B968600ED0DD7 /* Debug */,
				C84710A8196B968600ED0DD7 /* Release */,
			);
			defaultConfigurationIsVisible = 0;
			defaultConfigurationName = Release;
		};
/* End XCConfigurationList section */
	};
	rootObject = C847106C196B968500ED0DD7 /* Project object */;
}
